// !$*UTF8*$!
{
	archiveVersion = 1;
	classes = {
	};
	objectVersion = 56;
	objects = {

/* Begin PBXBuildFile section */
		992B60EE2B983611002788D2 /* Sky.mp4 in Resources */ = {isa = PBXBuildFile; fileRef = 992B60ED2B983611002788D2 /* Sky.mp4 */; };
		995C15D12B9AB24E00C760CE /* Home.swift in Sources */ = {isa = PBXBuildFile; fileRef = 995C15D02B9AB24E00C760CE /* Home.swift */; };
		995C15D72B9AFE2900C760CE /* Destination map.swift in Sources */ = {isa = PBXBuildFile; fileRef = 995C15D62B9AFE2900C760CE /* Destination map.swift */; };
		995C15D92B9AFEBE00C760CE /* SNS Share.swift in Sources */ = {isa = PBXBuildFile; fileRef = 995C15D82B9AFEBE00C760CE /* SNS Share.swift */; };
		995C15DB2B9AFEDE00C760CE /* Moment.swift in Sources */ = {isa = PBXBuildFile; fileRef = 995C15DA2B9AFEDE00C760CE /* Moment.swift */; };
		99BA7D5E2B980305006A6DF1 /* Rule Description.swift in Sources */ = {isa = PBXBuildFile; fileRef = 99BA7D5D2B980305006A6DF1 /* Rule Description.swift */; };
		99BA7D602B98074F006A6DF1 /* Introduction.swift in Sources */ = {isa = PBXBuildFile; fileRef = 99BA7D5F2B98074F006A6DF1 /* Introduction.swift */; };
		99EE45E72B95566F001335E1 /* Trip_CollectorApp.swift in Sources */ = {isa = PBXBuildFile; fileRef = 99EE45E62B95566F001335E1 /* Trip_CollectorApp.swift */; };
		99EE45E92B95566F001335E1 /* ContentView.swift in Sources */ = {isa = PBXBuildFile; fileRef = 99EE45E82B95566F001335E1 /* ContentView.swift */; };
		99EE45EB2B955671001335E1 /* Assets.xcassets in Resources */ = {isa = PBXBuildFile; fileRef = 99EE45EA2B955671001335E1 /* Assets.xcassets */; };
		99EE45EE2B955671001335E1 /* Preview Assets.xcassets in Resources */ = {isa = PBXBuildFile; fileRef = 99EE45ED2B955671001335E1 /* Preview Assets.xcassets */; };
		99EE45F52B96BC23001335E1 /* Permission Location.swift in Sources */ = {isa = PBXBuildFile; fileRef = 99EE45F42B96BC23001335E1 /* Permission Location.swift */; };
/* End PBXBuildFile section */

/* Begin PBXFileReference section */
		992B60ED2B983611002788D2 /* Sky.mp4 */ = {isa = PBXFileReference; lastKnownFileType = file; path = Sky.mp4; sourceTree = "<group>"; };
		995C15D02B9AB24E00C760CE /* Home.swift */ = {isa = PBXFileReference; lastKnownFileType = sourcecode.swift; path = Home.swift; sourceTree = "<group>"; };
		995C15D62B9AFE2900C760CE /* Destination map.swift */ = {isa = PBXFileReference; lastKnownFileType = sourcecode.swift; path = "Destination map.swift"; sourceTree = "<group>"; };
		995C15D82B9AFEBE00C760CE /* SNS Share.swift */ = {isa = PBXFileReference; lastKnownFileType = sourcecode.swift; path = "SNS Share.swift"; sourceTree = "<group>"; };
		995C15DA2B9AFEDE00C760CE /* Moment.swift */ = {isa = PBXFileReference; lastKnownFileType = sourcecode.swift; path = Moment.swift; sourceTree = "<group>"; };
		99BA7D5D2B980305006A6DF1 /* Rule Description.swift */ = {isa = PBXFileReference; lastKnownFileType = sourcecode.swift; path = "Rule Description.swift"; sourceTree = "<group>"; };
		99BA7D5F2B98074F006A6DF1 /* Introduction.swift */ = {isa = PBXFileReference; lastKnownFileType = sourcecode.swift; path = Introduction.swift; sourceTree = "<group>"; };
		99EE45E32B95566F001335E1 /* Trip Collector.app */ = {isa = PBXFileReference; explicitFileType = wrapper.application; includeInIndex = 0; path = "Trip Collector.app"; sourceTree = BUILT_PRODUCTS_DIR; };
		99EE45E62B95566F001335E1 /* Trip_CollectorApp.swift */ = {isa = PBXFileReference; lastKnownFileType = sourcecode.swift; path = Trip_CollectorApp.swift; sourceTree = "<group>"; };
		99EE45E82B95566F001335E1 /* ContentView.swift */ = {isa = PBXFileReference; lastKnownFileType = sourcecode.swift; path = ContentView.swift; sourceTree = "<group>"; };
		99EE45EA2B955671001335E1 /* Assets.xcassets */ = {isa = PBXFileReference; lastKnownFileType = folder.assetcatalog; path = Assets.xcassets; sourceTree = "<group>"; };
		99EE45ED2B955671001335E1 /* Preview Assets.xcassets */ = {isa = PBXFileReference; lastKnownFileType = folder.assetcatalog; path = "Preview Assets.xcassets"; sourceTree = "<group>"; };
		99EE45F42B96BC23001335E1 /* Permission Location.swift */ = {isa = PBXFileReference; lastKnownFileType = sourcecode.swift; path = "Permission Location.swift"; sourceTree = "<group>"; };
/* End PBXFileReference section */

/* Begin PBXFrameworksBuildPhase section */
		99EE45E02B95566F001335E1 /* Frameworks */ = {
			isa = PBXFrameworksBuildPhase;
			buildActionMask = 2147483647;
			files = (
			);
			runOnlyForDeploymentPostprocessing = 0;
		};
/* End PBXFrameworksBuildPhase section */

/* Begin PBXGroup section */
		99EE45DA2B95566F001335E1 = {
			isa = PBXGroup;
			children = (
				992B60ED2B983611002788D2 /* Sky.mp4 */,
				99EE45E52B95566F001335E1 /* Trip Collector */,
				99EE45E42B95566F001335E1 /* Products */,
			);
			sourceTree = "<group>";
		};
		99EE45E42B95566F001335E1 /* Products */ = {
			isa = PBXGroup;
			children = (
				99EE45E32B95566F001335E1 /* Trip Collector.app */,
			);
			name = Products;
			sourceTree = "<group>";
		};
		99EE45E52B95566F001335E1 /* Trip Collector */ = {
			isa = PBXGroup;
			children = (
				99EE45E62B95566F001335E1 /* Trip_CollectorApp.swift */,
				99BA7D5F2B98074F006A6DF1 /* Introduction.swift */,
				99EE45E82B95566F001335E1 /* ContentView.swift */,
				99EE45F42B96BC23001335E1 /* Permission Location.swift */,
				99BA7D5D2B980305006A6DF1 /* Rule Description.swift */,
				995C15D02B9AB24E00C760CE /* Home.swift */,
				995C15D62B9AFE2900C760CE /* Destination map.swift */,
				995C15D82B9AFEBE00C760CE /* SNS Share.swift */,
				995C15DA2B9AFEDE00C760CE /* Moment.swift */,
				99EE45EA2B955671001335E1 /* Assets.xcassets */,
				99EE45EC2B955671001335E1 /* Preview Content */,
			);
			path = "Trip Collector";
			sourceTree = "<group>";
		};
		99EE45EC2B955671001335E1 /* Preview Content */ = {
			isa = PBXGroup;
			children = (
				99EE45ED2B955671001335E1 /* Preview Assets.xcassets */,
			);
			path = "Preview Content";
			sourceTree = "<group>";
		};
/* End PBXGroup section */

/* Begin PBXNativeTarget section */
		99EE45E22B95566F001335E1 /* Trip Collector */ = {
			isa = PBXNativeTarget;
			buildConfigurationList = 99EE45F12B955671001335E1 /* Build configuration list for PBXNativeTarget "Trip Collector" */;
			buildPhases = (
				99EE45DF2B95566F001335E1 /* Sources */,
				99EE45E02B95566F001335E1 /* Frameworks */,
				99EE45E12B95566F001335E1 /* Resources */,
			);
			buildRules = (
			);
			dependencies = (
			);
			name = "Trip Collector";
			productName = "Trip Collector";
			productReference = 99EE45E32B95566F001335E1 /* Trip Collector.app */;
			productType = "com.apple.product-type.application";
		};
/* End PBXNativeTarget section */

/* Begin PBXProject section */
		99EE45DB2B95566F001335E1 /* Project object */ = {
			isa = PBXProject;
			attributes = {
				BuildIndependentTargetsInParallel = 1;
				LastSwiftUpdateCheck = 1520;
				LastUpgradeCheck = 1520;
				TargetAttributes = {
					99EE45E22B95566F001335E1 = {
						CreatedOnToolsVersion = 15.2;
					};
				};
			};
			buildConfigurationList = 99EE45DE2B95566F001335E1 /* Build configuration list for PBXProject "Trip Collector" */;
			compatibilityVersion = "Xcode 14.0";
			developmentRegion = en;
			hasScannedForEncodings = 0;
			knownRegions = (
				en,
				Base,
			);
			mainGroup = 99EE45DA2B95566F001335E1;
			productRefGroup = 99EE45E42B95566F001335E1 /* Products */;
			projectDirPath = "";
			projectRoot = "";
			targets = (
				99EE45E22B95566F001335E1 /* Trip Collector */,
			);
		};
/* End PBXProject section */

/* Begin PBXResourcesBuildPhase section */
		99EE45E12B95566F001335E1 /* Resources */ = {
			isa = PBXResourcesBuildPhase;
			buildActionMask = 2147483647;
			files = (
				992B60EE2B983611002788D2 /* Sky.mp4 in Resources */,
				99EE45EE2B955671001335E1 /* Preview Assets.xcassets in Resources */,
				99EE45EB2B955671001335E1 /* Assets.xcassets in Resources */,
			);
			runOnlyForDeploymentPostprocessing = 0;
		};
/* End PBXResourcesBuildPhase section */

/* Begin PBXSourcesBuildPhase section */
		99EE45DF2B95566F001335E1 /* Sources */ = {
			isa = PBXSourcesBuildPhase;
			buildActionMask = 2147483647;
			files = (
				99EE45E92B95566F001335E1 /* ContentView.swift in Sources */,
				995C15D92B9AFEBE00C760CE /* SNS Share.swift in Sources */,
				99BA7D602B98074F006A6DF1 /* Introduction.swift in Sources */,
				99BA7D5E2B980305006A6DF1 /* Rule Description.swift in Sources */,
				995C15D72B9AFE2900C760CE /* Destination map.swift in Sources */,
				99EE45E72B95566F001335E1 /* Trip_CollectorApp.swift in Sources */,
				995C15D12B9AB24E00C760CE /* Home.swift in Sources */,
				99EE45F52B96BC23001335E1 /* Permission Location.swift in Sources */,
				995C15DB2B9AFEDE00C760CE /* Moment.swift in Sources */,
			);
			runOnlyForDeploymentPostprocessing = 0;
		};
/* End PBXSourcesBuildPhase section */

/* Begin XCBuildConfiguration section */
		99EE45EF2B955671001335E1 /* Debug */ = {
			isa = XCBuildConfiguration;
			buildSettings = {
				ALWAYS_SEARCH_USER_PATHS = NO;
				ASSETCATALOG_COMPILER_GENERATE_SWIFT_ASSET_SYMBOL_EXTENSIONS = YES;
				CLANG_ANALYZER_NONNULL = YES;
				CLANG_ANALYZER_NUMBER_OBJECT_CONVERSION = YES_AGGRESSIVE;
				CLANG_CXX_LANGUAGE_STANDARD = "gnu++20";
				CLANG_ENABLE_MODULES = YES;
				CLANG_ENABLE_OBJC_ARC = YES;
				CLANG_ENABLE_OBJC_WEAK = YES;
				CLANG_WARN_BLOCK_CAPTURE_AUTORELEASING = YES;
				CLANG_WARN_BOOL_CONVERSION = YES;
				CLANG_WARN_COMMA = YES;
				CLANG_WARN_CONSTANT_CONVERSION = YES;
				CLANG_WARN_DEPRECATED_OBJC_IMPLEMENTATIONS = YES;
				CLANG_WARN_DIRECT_OBJC_ISA_USAGE = YES_ERROR;
				CLANG_WARN_DOCUMENTATION_COMMENTS = YES;
				CLANG_WARN_EMPTY_BODY = YES;
				CLANG_WARN_ENUM_CONVERSION = YES;
				CLANG_WARN_INFINITE_RECURSION = YES;
				CLANG_WARN_INT_CONVERSION = YES;
				CLANG_WARN_NON_LITERAL_NULL_CONVERSION = YES;
				CLANG_WARN_OBJC_IMPLICIT_RETAIN_SELF = YES;
				CLANG_WARN_OBJC_LITERAL_CONVERSION = YES;
				CLANG_WARN_OBJC_ROOT_CLASS = YES_ERROR;
				CLANG_WARN_QUOTED_INCLUDE_IN_FRAMEWORK_HEADER = YES;
				CLANG_WARN_RANGE_LOOP_ANALYSIS = YES;
				CLANG_WARN_STRICT_PROTOTYPES = YES;
				CLANG_WARN_SUSPICIOUS_MOVE = YES;
				CLANG_WARN_UNGUARDED_AVAILABILITY = YES_AGGRESSIVE;
				CLANG_WARN_UNREACHABLE_CODE = YES;
				CLANG_WARN__DUPLICATE_METHOD_MATCH = YES;
				COPY_PHASE_STRIP = NO;
				DEBUG_INFORMATION_FORMAT = dwarf;
				ENABLE_STRICT_OBJC_MSGSEND = YES;
				ENABLE_TESTABILITY = YES;
				ENABLE_USER_SCRIPT_SANDBOXING = YES;
				GCC_C_LANGUAGE_STANDARD = gnu17;
				GCC_DYNAMIC_NO_PIC = NO;
				GCC_NO_COMMON_BLOCKS = YES;
				GCC_OPTIMIZATION_LEVEL = 0;
				GCC_PREPROCESSOR_DEFINITIONS = (
					"DEBUG=1",
					"$(inherited)",
				);
				GCC_WARN_64_TO_32_BIT_CONVERSION = YES;
				GCC_WARN_ABOUT_RETURN_TYPE = YES_ERROR;
				GCC_WARN_UNDECLARED_SELECTOR = YES;
				GCC_WARN_UNINITIALIZED_AUTOS = YES_AGGRESSIVE;
				GCC_WARN_UNUSED_FUNCTION = YES;
				GCC_WARN_UNUSED_VARIABLE = YES;
				IPHONEOS_DEPLOYMENT_TARGET = 17.2;
				LOCALIZATION_PREFERS_STRING_CATALOGS = YES;
				MTL_ENABLE_DEBUG_INFO = INCLUDE_SOURCE;
				MTL_FAST_MATH = YES;
				ONLY_ACTIVE_ARCH = YES;
				SDKROOT = iphoneos;
				SWIFT_ACTIVE_COMPILATION_CONDITIONS = "DEBUG $(inherited)";
				SWIFT_OPTIMIZATION_LEVEL = "-Onone";
			};
			name = Debug;
		};
		99EE45F02B955671001335E1 /* Release */ = {
			isa = XCBuildConfiguration;
			buildSettings = {
				ALWAYS_SEARCH_USER_PATHS = NO;
				ASSETCATALOG_COMPILER_GENERATE_SWIFT_ASSET_SYMBOL_EXTENSIONS = YES;
				CLANG_ANALYZER_NONNULL = YES;
				CLANG_ANALYZER_NUMBER_OBJECT_CONVERSION = YES_AGGRESSIVE;
				CLANG_CXX_LANGUAGE_STANDARD = "gnu++20";
				CLANG_ENABLE_MODULES = YES;
				CLANG_ENABLE_OBJC_ARC = YES;
				CLANG_ENABLE_OBJC_WEAK = YES;
				CLANG_WARN_BLOCK_CAPTURE_AUTORELEASING = YES;
				CLANG_WARN_BOOL_CONVERSION = YES;
				CLANG_WARN_COMMA = YES;
				CLANG_WARN_CONSTANT_CONVERSION = YES;
				CLANG_WARN_DEPRECATED_OBJC_IMPLEMENTATIONS = YES;
				CLANG_WARN_DIRECT_OBJC_ISA_USAGE = YES_ERROR;
				CLANG_WARN_DOCUMENTATION_COMMENTS = YES;
				CLANG_WARN_EMPTY_BODY = YES;
				CLANG_WARN_ENUM_CONVERSION = YES;
				CLANG_WARN_INFINITE_RECURSION = YES;
				CLANG_WARN_INT_CONVERSION = YES;
				CLANG_WARN_NON_LITERAL_NULL_CONVERSION = YES;
				CLANG_WARN_OBJC_IMPLICIT_RETAIN_SELF = YES;
				CLANG_WARN_OBJC_LITERAL_CONVERSION = YES;
				CLANG_WARN_OBJC_ROOT_CLASS = YES_ERROR;
				CLANG_WARN_QUOTED_INCLUDE_IN_FRAMEWORK_HEADER = YES;
				CLANG_WARN_RANGE_LOOP_ANALYSIS = YES;
				CLANG_WARN_STRICT_PROTOTYPES = YES;
				CLANG_WARN_SUSPICIOUS_MOVE = YES;
				CLANG_WARN_UNGUARDED_AVAILABILITY = YES_AGGRESSIVE;
				CLANG_WARN_UNREACHABLE_CODE = YES;
				CLANG_WARN__DUPLICATE_METHOD_MATCH = YES;
				COPY_PHASE_STRIP = NO;
				DEBUG_INFORMATION_FORMAT = "dwarf-with-dsym";
				ENABLE_NS_ASSERTIONS = NO;
				ENABLE_STRICT_OBJC_MSGSEND = YES;
				ENABLE_USER_SCRIPT_SANDBOXING = YES;
				GCC_C_LANGUAGE_STANDARD = gnu17;
				GCC_NO_COMMON_BLOCKS = YES;
				GCC_WARN_64_TO_32_BIT_CONVERSION = YES;
				GCC_WARN_ABOUT_RETURN_TYPE = YES_ERROR;
				GCC_WARN_UNDECLARED_SELECTOR = YES;
				GCC_WARN_UNINITIALIZED_AUTOS = YES_AGGRESSIVE;
				GCC_WARN_UNUSED_FUNCTION = YES;
				GCC_WARN_UNUSED_VARIABLE = YES;
				IPHONEOS_DEPLOYMENT_TARGET = 17.2;
				LOCALIZATION_PREFERS_STRING_CATALOGS = YES;
				MTL_ENABLE_DEBUG_INFO = NO;
				MTL_FAST_MATH = YES;
				SDKROOT = iphoneos;
				SWIFT_COMPILATION_MODE = wholemodule;
				VALIDATE_PRODUCT = YES;
			};
			name = Release;
		};
		99EE45F22B955671001335E1 /* Debug */ = {
			isa = XCBuildConfiguration;
			buildSettings = {
				ASSETCATALOG_COMPILER_APPICON_NAME = AppIcon;
				ASSETCATALOG_COMPILER_GLOBAL_ACCENT_COLOR_NAME = AccentColor;
				CODE_SIGN_STYLE = Automatic;
				CURRENT_PROJECT_VERSION = 1;
				DEVELOPMENT_ASSET_PATHS = "\"Trip Collector/Preview Content\"";
				ENABLE_PREVIEWS = YES;
				GENERATE_INFOPLIST_FILE = YES;
				INFOPLIST_KEY_UIApplicationSceneManifest_Generation = YES;
				INFOPLIST_KEY_UIApplicationSupportsIndirectInputEvents = YES;
				INFOPLIST_KEY_UILaunchScreen_Generation = YES;
				INFOPLIST_KEY_UISupportedInterfaceOrientations_iPad = "UIInterfaceOrientationPortrait UIInterfaceOrientationPortraitUpsideDown UIInterfaceOrientationLandscapeLeft UIInterfaceOrientationLandscapeRight";
				INFOPLIST_KEY_UISupportedInterfaceOrientations_iPhone = "UIInterfaceOrientationPortrait UIInterfaceOrientationLandscapeLeft UIInterfaceOrientationLandscapeRight";
				LD_RUNPATH_SEARCH_PATHS = (
					"$(inherited)",
					"@executable_path/Frameworks",
				);
				MARKETING_VERSION = 1.0;
				PRODUCT_BUNDLE_IDENTIFIER = "FAIR.Trip-Collector";
				PRODUCT_NAME = "$(TARGET_NAME)";
				SWIFT_EMIT_LOC_STRINGS = YES;
				SWIFT_VERSION = 5.0;
				TARGETED_DEVICE_FAMILY = "1,2";
			};
			name = Debug;
		};
		99EE45F32B955671001335E1 /* Release */ = {
			isa = XCBuildConfiguration;
			buildSettings = {
				ASSETCATALOG_COMPILER_APPICON_NAME = AppIcon;
				ASSETCATALOG_COMPILER_GLOBAL_ACCENT_COLOR_NAME = AccentColor;
				CODE_SIGN_STYLE = Automatic;
				CURRENT_PROJECT_VERSION = 1;
				DEVELOPMENT_ASSET_PATHS = "\"Trip Collector/Preview Content\"";
				ENABLE_PREVIEWS = YES;
				GENERATE_INFOPLIST_FILE = YES;
				INFOPLIST_KEY_UIApplicationSceneManifest_Generation = YES;
				INFOPLIST_KEY_UIApplicationSupportsIndirectInputEvents = YES;
				INFOPLIST_KEY_UILaunchScreen_Generation = YES;
				INFOPLIST_KEY_UISupportedInterfaceOrientations_iPad = "UIInterfaceOrientationPortrait UIInterfaceOrientationPortraitUpsideDown UIInterfaceOrientationLandscapeLeft UIInterfaceOrientationLandscapeRight";
				INFOPLIST_KEY_UISupportedInterfaceOrientations_iPhone = "UIInterfaceOrientationPortrait UIInterfaceOrientationLandscapeLeft UIInterfaceOrientationLandscapeRight";
				LD_RUNPATH_SEARCH_PATHS = (
					"$(inherited)",
					"@executable_path/Frameworks",
				);
				MARKETING_VERSION = 1.0;
				PRODUCT_BUNDLE_IDENTIFIER = "FAIR.Trip-Collector";
				PRODUCT_NAME = "$(TARGET_NAME)";
				SWIFT_EMIT_LOC_STRINGS = YES;
				SWIFT_VERSION = 5.0;
				TARGETED_DEVICE_FAMILY = "1,2";
			};
			name = Release;
		};
/* End XCBuildConfiguration section */

/* Begin XCConfigurationList section */
		99EE45DE2B95566F001335E1 /* Build configuration list for PBXProject "Trip Collector" */ = {
			isa = XCConfigurationList;
			buildConfigurations = (
				99EE45EF2B955671001335E1 /* Debug */,
				99EE45F02B955671001335E1 /* Release */,
			);
			defaultConfigurationIsVisible = 0;
			defaultConfigurationName = Release;
		};
		99EE45F12B955671001335E1 /* Build configuration list for PBXNativeTarget "Trip Collector" */ = {
			isa = XCConfigurationList;
			buildConfigurations = (
				99EE45F22B955671001335E1 /* Debug */,
				99EE45F32B955671001335E1 /* Release */,
			);
			defaultConfigurationIsVisible = 0;
			defaultConfigurationName = Release;
		};
/* End XCConfigurationList section */
	};
	rootObject = 99EE45DB2B95566F001335E1 /* Project object */;
}
